// !$*UTF8*$!
{
	archiveVersion = 1;
	classes = {
	};
	objectVersion = 50;
	objects = {

/* Begin PBXBuildFile section */
		D385811724DB7E3A002F9FC7 /* AppDelegate.swift in Sources */ = {isa = PBXBuildFile; fileRef = D385811624DB7E3A002F9FC7 /* AppDelegate.swift */; };
		D385811924DB7E3A002F9FC7 /* SceneDelegate.swift in Sources */ = {isa = PBXBuildFile; fileRef = D385811824DB7E3A002F9FC7 /* SceneDelegate.swift */; };
		D385811B24DB7E3A002F9FC7 /* ViewController.swift in Sources */ = {isa = PBXBuildFile; fileRef = D385811A24DB7E3A002F9FC7 /* ViewController.swift */; };
		D385811E24DB7E3A002F9FC7 /* Main.storyboard in Resources */ = {isa = PBXBuildFile; fileRef = D385811C24DB7E3A002F9FC7 /* Main.storyboard */; };
		D385812024DB7E3B002F9FC7 /* Assets.xcassets in Resources */ = {isa = PBXBuildFile; fileRef = D385811F24DB7E3B002F9FC7 /* Assets.xcassets */; };
		D385812324DB7E3B002F9FC7 /* LaunchScreen.storyboard in Resources */ = {isa = PBXBuildFile; fileRef = D385812124DB7E3B002F9FC7 /* LaunchScreen.storyboard */; };
		D385812E24DB7E3C002F9FC7 /* Teste_HotmartTests.swift in Sources */ = {isa = PBXBuildFile; fileRef = D385812D24DB7E3C002F9FC7 /* Teste_HotmartTests.swift */; };
		D385813924DB7E3C002F9FC7 /* Teste_HotmartUITests.swift in Sources */ = {isa = PBXBuildFile; fileRef = D385813824DB7E3C002F9FC7 /* Teste_HotmartUITests.swift */; };
/* End PBXBuildFile section */

/* Begin PBXContainerItemProxy section */
		D385812A24DB7E3C002F9FC7 /* PBXContainerItemProxy */ = {
			isa = PBXContainerItemProxy;
			containerPortal = D385810B24DB7E3A002F9FC7 /* Project object */;
			proxyType = 1;
			remoteGlobalIDString = D385811224DB7E3A002F9FC7;
			remoteInfo = "Teste Hotmart";
		};
		D385813524DB7E3C002F9FC7 /* PBXContainerItemProxy */ = {
			isa = PBXContainerItemProxy;
			containerPortal = D385810B24DB7E3A002F9FC7 /* Project object */;
			proxyType = 1;
			remoteGlobalIDString = D385811224DB7E3A002F9FC7;
			remoteInfo = "Teste Hotmart";
		};
/* End PBXContainerItemProxy section */

/* Begin PBXFileReference section */
		D385811324DB7E3A002F9FC7 /* Teste Hotmart.app */ = {isa = PBXFileReference; explicitFileType = wrapper.application; includeInIndex = 0; path = "Teste Hotmart.app"; sourceTree = BUILT_PRODUCTS_DIR; };
		D385811624DB7E3A002F9FC7 /* AppDelegate.swift */ = {isa = PBXFileReference; lastKnownFileType = sourcecode.swift; path = AppDelegate.swift; sourceTree = "<group>"; };
		D385811824DB7E3A002F9FC7 /* SceneDelegate.swift */ = {isa = PBXFileReference; lastKnownFileType = sourcecode.swift; path = SceneDelegate.swift; sourceTree = "<group>"; };
		D385811A24DB7E3A002F9FC7 /* ViewController.swift */ = {isa = PBXFileReference; lastKnownFileType = sourcecode.swift; path = ViewController.swift; sourceTree = "<group>"; };
		D385811D24DB7E3A002F9FC7 /* Base */ = {isa = PBXFileReference; lastKnownFileType = file.storyboard; name = Base; path = Base.lproj/Main.storyboard; sourceTree = "<group>"; };
		D385811F24DB7E3B002F9FC7 /* Assets.xcassets */ = {isa = PBXFileReference; lastKnownFileType = folder.assetcatalog; path = Assets.xcassets; sourceTree = "<group>"; };
		D385812224DB7E3B002F9FC7 /* Base */ = {isa = PBXFileReference; lastKnownFileType = file.storyboard; name = Base; path = Base.lproj/LaunchScreen.storyboard; sourceTree = "<group>"; };
		D385812424DB7E3B002F9FC7 /* Info.plist */ = {isa = PBXFileReference; lastKnownFileType = text.plist.xml; path = Info.plist; sourceTree = "<group>"; };
		D385812924DB7E3C002F9FC7 /* Teste HotmartTests.xctest */ = {isa = PBXFileReference; explicitFileType = wrapper.cfbundle; includeInIndex = 0; path = "Teste HotmartTests.xctest"; sourceTree = BUILT_PRODUCTS_DIR; };
		D385812D24DB7E3C002F9FC7 /* Teste_HotmartTests.swift */ = {isa = PBXFileReference; lastKnownFileType = sourcecode.swift; path = Teste_HotmartTests.swift; sourceTree = "<group>"; };
		D385812F24DB7E3C002F9FC7 /* Info.plist */ = {isa = PBXFileReference; lastKnownFileType = text.plist.xml; path = Info.plist; sourceTree = "<group>"; };
		D385813424DB7E3C002F9FC7 /* Teste HotmartUITests.xctest */ = {isa = PBXFileReference; explicitFileType = wrapper.cfbundle; includeInIndex = 0; path = "Teste HotmartUITests.xctest"; sourceTree = BUILT_PRODUCTS_DIR; };
		D385813824DB7E3C002F9FC7 /* Teste_HotmartUITests.swift */ = {isa = PBXFileReference; lastKnownFileType = sourcecode.swift; path = Teste_HotmartUITests.swift; sourceTree = "<group>"; };
		D385813A24DB7E3C002F9FC7 /* Info.plist */ = {isa = PBXFileReference; lastKnownFileType = text.plist.xml; path = Info.plist; sourceTree = "<group>"; };
/* End PBXFileReference section */

/* Begin PBXFrameworksBuildPhase section */
		D385811024DB7E3A002F9FC7 /* Frameworks */ = {
			isa = PBXFrameworksBuildPhase;
			buildActionMask = 2147483647;
			files = (
			);
			runOnlyForDeploymentPostprocessing = 0;
		};
		D385812624DB7E3C002F9FC7 /* Frameworks */ = {
			isa = PBXFrameworksBuildPhase;
			buildActionMask = 2147483647;
			files = (
			);
			runOnlyForDeploymentPostprocessing = 0;
		};
		D385813124DB7E3C002F9FC7 /* Frameworks */ = {
			isa = PBXFrameworksBuildPhase;
			buildActionMask = 2147483647;
			files = (
			);
			runOnlyForDeploymentPostprocessing = 0;
		};
/* End PBXFrameworksBuildPhase section */

/* Begin PBXGroup section */
		D385810A24DB7E3A002F9FC7 = {
			isa = PBXGroup;
			children = (
				D385811524DB7E3A002F9FC7 /* Teste Hotmart */,
				D385812C24DB7E3C002F9FC7 /* Teste HotmartTests */,
				D385813724DB7E3C002F9FC7 /* Teste HotmartUITests */,
				D385811424DB7E3A002F9FC7 /* Products */,
			);
			sourceTree = "<group>";
		};
		D385811424DB7E3A002F9FC7 /* Products */ = {
			isa = PBXGroup;
			children = (
				D385811324DB7E3A002F9FC7 /* Teste Hotmart.app */,
				D385812924DB7E3C002F9FC7 /* Teste HotmartTests.xctest */,
				D385813424DB7E3C002F9FC7 /* Teste HotmartUITests.xctest */,
			);
			name = Products;
			sourceTree = "<group>";
		};
		D385811524DB7E3A002F9FC7 /* Teste Hotmart */ = {
			isa = PBXGroup;
			children = (
				D385811624DB7E3A002F9FC7 /* AppDelegate.swift */,
				D385811824DB7E3A002F9FC7 /* SceneDelegate.swift */,
				D385811A24DB7E3A002F9FC7 /* ViewController.swift */,
				D385811C24DB7E3A002F9FC7 /* Main.storyboard */,
				D385811F24DB7E3B002F9FC7 /* Assets.xcassets */,
				D385812124DB7E3B002F9FC7 /* LaunchScreen.storyboard */,
				D385812424DB7E3B002F9FC7 /* Info.plist */,
			);
			path = "Teste Hotmart";
			sourceTree = "<group>";
		};
		D385812C24DB7E3C002F9FC7 /* Teste HotmartTests */ = {
			isa = PBXGroup;
			children = (
				D385812D24DB7E3C002F9FC7 /* Teste_HotmartTests.swift */,
				D385812F24DB7E3C002F9FC7 /* Info.plist */,
			);
			path = "Teste HotmartTests";
			sourceTree = "<group>";
		};
		D385813724DB7E3C002F9FC7 /* Teste HotmartUITests */ = {
			isa = PBXGroup;
			children = (
				D385813824DB7E3C002F9FC7 /* Teste_HotmartUITests.swift */,
				D385813A24DB7E3C002F9FC7 /* Info.plist */,
			);
			path = "Teste HotmartUITests";
			sourceTree = "<group>";
		};
/* End PBXGroup section */

/* Begin PBXNativeTarget section */
		D385811224DB7E3A002F9FC7 /* Teste Hotmart */ = {
			isa = PBXNativeTarget;
			buildConfigurationList = D385813D24DB7E3C002F9FC7 /* Build configuration list for PBXNativeTarget "Teste Hotmart" */;
			buildPhases = (
				D385810F24DB7E3A002F9FC7 /* Sources */,
				D385811024DB7E3A002F9FC7 /* Frameworks */,
				D385811124DB7E3A002F9FC7 /* Resources */,
			);
			buildRules = (
			);
			dependencies = (
			);
			name = "Teste Hotmart";
			productName = "Teste Hotmart";
			productReference = D385811324DB7E3A002F9FC7 /* Teste Hotmart.app */;
			productType = "com.apple.product-type.application";
		};
		D385812824DB7E3C002F9FC7 /* Teste HotmartTests */ = {
			isa = PBXNativeTarget;
			buildConfigurationList = D385814024DB7E3C002F9FC7 /* Build configuration list for PBXNativeTarget "Teste HotmartTests" */;
			buildPhases = (
				D385812524DB7E3C002F9FC7 /* Sources */,
				D385812624DB7E3C002F9FC7 /* Frameworks */,
				D385812724DB7E3C002F9FC7 /* Resources */,
			);
			buildRules = (
			);
			dependencies = (
				D385812B24DB7E3C002F9FC7 /* PBXTargetDependency */,
			);
			name = "Teste HotmartTests";
			productName = "Teste HotmartTests";
			productReference = D385812924DB7E3C002F9FC7 /* Teste HotmartTests.xctest */;
			productType = "com.apple.product-type.bundle.unit-test";
		};
		D385813324DB7E3C002F9FC7 /* Teste HotmartUITests */ = {
			isa = PBXNativeTarget;
			buildConfigurationList = D385814324DB7E3C002F9FC7 /* Build configuration list for PBXNativeTarget "Teste HotmartUITests" */;
			buildPhases = (
				D385813024DB7E3C002F9FC7 /* Sources */,
				D385813124DB7E3C002F9FC7 /* Frameworks */,
				D385813224DB7E3C002F9FC7 /* Resources */,
			);
			buildRules = (
			);
			dependencies = (
				D385813624DB7E3C002F9FC7 /* PBXTargetDependency */,
			);
			name = "Teste HotmartUITests";
			productName = "Teste HotmartUITests";
			productReference = D385813424DB7E3C002F9FC7 /* Teste HotmartUITests.xctest */;
			productType = "com.apple.product-type.bundle.ui-testing";
		};
/* End PBXNativeTarget section */

/* Begin PBXProject section */
		D385810B24DB7E3A002F9FC7 /* Project object */ = {
			isa = PBXProject;
			attributes = {
				LastSwiftUpdateCheck = 1150;
				LastUpgradeCheck = 1150;
				ORGANIZATIONNAME = Rafa;
				TargetAttributes = {
					D385811224DB7E3A002F9FC7 = {
						CreatedOnToolsVersion = 11.5;
					};
					D385812824DB7E3C002F9FC7 = {
						CreatedOnToolsVersion = 11.5;
						TestTargetID = D385811224DB7E3A002F9FC7;
					};
					D385813324DB7E3C002F9FC7 = {
						CreatedOnToolsVersion = 11.5;
						TestTargetID = D385811224DB7E3A002F9FC7;
					};
				};
			};
			buildConfigurationList = D385810E24DB7E3A002F9FC7 /* Build configuration list for PBXProject "Teste Hotmart" */;
			compatibilityVersion = "Xcode 9.3";
			developmentRegion = en;
			hasScannedForEncodings = 0;
			knownRegions = (
				en,
				Base,
			);
			mainGroup = D385810A24DB7E3A002F9FC7;
			productRefGroup = D385811424DB7E3A002F9FC7 /* Products */;
			projectDirPath = "";
			projectRoot = "";
			targets = (
				D385811224DB7E3A002F9FC7 /* Teste Hotmart */,
				D385812824DB7E3C002F9FC7 /* Teste HotmartTests */,
				D385813324DB7E3C002F9FC7 /* Teste HotmartUITests */,
			);
		};
/* End PBXProject section */

/* Begin PBXResourcesBuildPhase section */
		D385811124DB7E3A002F9FC7 /* Resources */ = {
			isa = PBXResourcesBuildPhase;
			buildActionMask = 2147483647;
			files = (
				D385812324DB7E3B002F9FC7 /* LaunchScreen.storyboard in Resources */,
				D385812024DB7E3B002F9FC7 /* Assets.xcassets in Resources */,
				D385811E24DB7E3A002F9FC7 /* Main.storyboard in Resources */,
			);
			runOnlyForDeploymentPostprocessing = 0;
		};
		D385812724DB7E3C002F9FC7 /* Resources */ = {
			isa = PBXResourcesBuildPhase;
			buildActionMask = 2147483647;
			files = (
			);
			runOnlyForDeploymentPostprocessing = 0;
		};
		D385813224DB7E3C002F9FC7 /* Resources */ = {
			isa = PBXResourcesBuildPhase;
			buildActionMask = 2147483647;
			files = (
			);
			runOnlyForDeploymentPostprocessing = 0;
		};
/* End PBXResourcesBuildPhase section */

/* Begin PBXSourcesBuildPhase section */
		D385810F24DB7E3A002F9FC7 /* Sources */ = {
			isa = PBXSourcesBuildPhase;
			buildActionMask = 2147483647;
			files = (
				D385811B24DB7E3A002F9FC7 /* ViewController.swift in Sources */,
				D385811724DB7E3A002F9FC7 /* AppDelegate.swift in Sources */,
				D385811924DB7E3A002F9FC7 /* SceneDelegate.swift in Sources */,
			);
			runOnlyForDeploymentPostprocessing = 0;
		};
		D385812524DB7E3C002F9FC7 /* Sources */ = {
			isa = PBXSourcesBuildPhase;
			buildActionMask = 2147483647;
			files = (
				D385812E24DB7E3C002F9FC7 /* Teste_HotmartTests.swift in Sources */,
			);
			runOnlyForDeploymentPostprocessing = 0;
		};
		D385813024DB7E3C002F9FC7 /* Sources */ = {
			isa = PBXSourcesBuildPhase;
			buildActionMask = 2147483647;
			files = (
				D385813924DB7E3C002F9FC7 /* Teste_HotmartUITests.swift in Sources */,
			);
			runOnlyForDeploymentPostprocessing = 0;
		};
/* End PBXSourcesBuildPhase section */

/* Begin PBXTargetDependency section */
		D385812B24DB7E3C002F9FC7 /* PBXTargetDependency */ = {
			isa = PBXTargetDependency;
			target = D385811224DB7E3A002F9FC7 /* Teste Hotmart */;
			targetProxy = D385812A24DB7E3C002F9FC7 /* PBXContainerItemProxy */;
		};
		D385813624DB7E3C002F9FC7 /* PBXTargetDependency */ = {
			isa = PBXTargetDependency;
			target = D385811224DB7E3A002F9FC7 /* Teste Hotmart */;
			targetProxy = D385813524DB7E3C002F9FC7 /* PBXContainerItemProxy */;
		};
/* End PBXTargetDependency section */

/* Begin PBXVariantGroup section */
		D385811C24DB7E3A002F9FC7 /* Main.storyboard */ = {
			isa = PBXVariantGroup;
			children = (
				D385811D24DB7E3A002F9FC7 /* Base */,
			);
			name = Main.storyboard;
			sourceTree = "<group>";
		};
		D385812124DB7E3B002F9FC7 /* LaunchScreen.storyboard */ = {
			isa = PBXVariantGroup;
			children = (
				D385812224DB7E3B002F9FC7 /* Base */,
			);
			name = LaunchScreen.storyboard;
			sourceTree = "<group>";
		};
/* End PBXVariantGroup section */

/* Begin XCBuildConfiguration section */
		D385813B24DB7E3C002F9FC7 /* Debug */ = {
			isa = XCBuildConfiguration;
			buildSettings = {
				ALWAYS_SEARCH_USER_PATHS = NO;
				CLANG_ANALYZER_NONNULL = YES;
				CLANG_ANALYZER_NUMBER_OBJECT_CONVERSION = YES_AGGRESSIVE;
				CLANG_CXX_LANGUAGE_STANDARD = "gnu++14";
				CLANG_CXX_LIBRARY = "libc++";
				CLANG_ENABLE_MODULES = YES;
				CLANG_ENABLE_OBJC_ARC = YES;
				CLANG_ENABLE_OBJC_WEAK = YES;
				CLANG_WARN_BLOCK_CAPTURE_AUTORELEASING = YES;
				CLANG_WARN_BOOL_CONVERSION = YES;
				CLANG_WARN_COMMA = YES;
				CLANG_WARN_CONSTANT_CONVERSION = YES;
				CLANG_WARN_DEPRECATED_OBJC_IMPLEMENTATIONS = YES;
				CLANG_WARN_DIRECT_OBJC_ISA_USAGE = YES_ERROR;
				CLANG_WARN_DOCUMENTATION_COMMENTS = YES;
				CLANG_WARN_EMPTY_BODY = YES;
				CLANG_WARN_ENUM_CONVERSION = YES;
				CLANG_WARN_INFINITE_RECURSION = YES;
				CLANG_WARN_INT_CONVERSION = YES;
				CLANG_WARN_NON_LITERAL_NULL_CONVERSION = YES;
				CLANG_WARN_OBJC_IMPLICIT_RETAIN_SELF = YES;
				CLANG_WARN_OBJC_LITERAL_CONVERSION = YES;
				CLANG_WARN_OBJC_ROOT_CLASS = YES_ERROR;
				CLANG_WARN_RANGE_LOOP_ANALYSIS = YES;
				CLANG_WARN_STRICT_PROTOTYPES = YES;
				CLANG_WARN_SUSPICIOUS_MOVE = YES;
				CLANG_WARN_UNGUARDED_AVAILABILITY = YES_AGGRESSIVE;
				CLANG_WARN_UNREACHABLE_CODE = YES;
				CLANG_WARN__DUPLICATE_METHOD_MATCH = YES;
				COPY_PHASE_STRIP = NO;
				DEBUG_INFORMATION_FORMAT = dwarf;
				ENABLE_STRICT_OBJC_MSGSEND = YES;
				ENABLE_TESTABILITY = YES;
				GCC_C_LANGUAGE_STANDARD = gnu11;
				GCC_DYNAMIC_NO_PIC = NO;
				GCC_NO_COMMON_BLOCKS = YES;
				GCC_OPTIMIZATION_LEVEL = 0;
				GCC_PREPROCESSOR_DEFINITIONS = (
					"DEBUG=1",
					"$(inherited)",
				);
				GCC_WARN_64_TO_32_BIT_CONVERSION = YES;
				GCC_WARN_ABOUT_RETURN_TYPE = YES_ERROR;
				GCC_WARN_UNDECLARED_SELECTOR = YES;
				GCC_WARN_UNINITIALIZED_AUTOS = YES_AGGRESSIVE;
				GCC_WARN_UNUSED_FUNCTION = YES;
				GCC_WARN_UNUSED_VARIABLE = YES;
				IPHONEOS_DEPLOYMENT_TARGET = 13.5;
				MTL_ENABLE_DEBUG_INFO = INCLUDE_SOURCE;
				MTL_FAST_MATH = YES;
				ONLY_ACTIVE_ARCH = YES;
				SDKROOT = iphoneos;
				SWIFT_ACTIVE_COMPILATION_CONDITIONS = DEBUG;
				SWIFT_OPTIMIZATION_LEVEL = "-Onone";
			};
			name = Debug;
		};
		D385813C24DB7E3C002F9FC7 /* Release */ = {
			isa = XCBuildConfiguration;
			buildSettings = {
				ALWAYS_SEARCH_USER_PATHS = NO;
				CLANG_ANALYZER_NONNULL = YES;
				CLANG_ANALYZER_NUMBER_OBJECT_CONVERSION = YES_AGGRESSIVE;
				CLANG_CXX_LANGUAGE_STANDARD = "gnu++14";
				CLANG_CXX_LIBRARY = "libc++";
				CLANG_ENABLE_MODULES = YES;
				CLANG_ENABLE_OBJC_ARC = YES;
				CLANG_ENABLE_OBJC_WEAK = YES;
				CLANG_WARN_BLOCK_CAPTURE_AUTORELEASING = YES;
				CLANG_WARN_BOOL_CONVERSION = YES;
				CLANG_WARN_COMMA = YES;
				CLANG_WARN_CONSTANT_CONVERSION = YES;
				CLANG_WARN_DEPRECATED_OBJC_IMPLEMENTATIONS = YES;
				CLANG_WARN_DIRECT_OBJC_ISA_USAGE = YES_ERROR;
				CLANG_WARN_DOCUMENTATION_COMMENTS = YES;
				CLANG_WARN_EMPTY_BODY = YES;
				CLANG_WARN_ENUM_CONVERSION = YES;
				CLANG_WARN_INFINITE_RECURSION = YES;
				CLANG_WARN_INT_CONVERSION = YES;
				CLANG_WARN_NON_LITERAL_NULL_CONVERSION = YES;
				CLANG_WARN_OBJC_IMPLICIT_RETAIN_SELF = YES;
				CLANG_WARN_OBJC_LITERAL_CONVERSION = YES;
				CLANG_WARN_OBJC_ROOT_CLASS = YES_ERROR;
				CLANG_WARN_RANGE_LOOP_ANALYSIS = YES;
				CLANG_WARN_STRICT_PROTOTYPES = YES;
				CLANG_WARN_SUSPICIOUS_MOVE = YES;
				CLANG_WARN_UNGUARDED_AVAILABILITY = YES_AGGRESSIVE;
				CLANG_WARN_UNREACHABLE_CODE = YES;
				CLANG_WARN__DUPLICATE_METHOD_MATCH = YES;
				COPY_PHASE_STRIP = NO;
				DEBUG_INFORMATION_FORMAT = "dwarf-with-dsym";
				ENABLE_NS_ASSERTIONS = NO;
				ENABLE_STRICT_OBJC_MSGSEND = YES;
				GCC_C_LANGUAGE_STANDARD = gnu11;
				GCC_NO_COMMON_BLOCKS = YES;
				GCC_WARN_64_TO_32_BIT_CONVERSION = YES;
				GCC_WARN_ABOUT_RETURN_TYPE = YES_ERROR;
				GCC_WARN_UNDECLARED_SELECTOR = YES;
				GCC_WARN_UNINITIALIZED_AUTOS = YES_AGGRESSIVE;
				GCC_WARN_UNUSED_FUNCTION = YES;
				GCC_WARN_UNUSED_VARIABLE = YES;
				IPHONEOS_DEPLOYMENT_TARGET = 13.5;
				MTL_ENABLE_DEBUG_INFO = NO;
				MTL_FAST_MATH = YES;
				SDKROOT = iphoneos;
				SWIFT_COMPILATION_MODE = wholemodule;
				SWIFT_OPTIMIZATION_LEVEL = "-O";
				VALIDATE_PRODUCT = YES;
			};
			name = Release;
		};
		D385813E24DB7E3C002F9FC7 /* Debug */ = {
			isa = XCBuildConfiguration;
			buildSettings = {
				ASSETCATALOG_COMPILER_APPICON_NAME = AppIcon;
				CODE_SIGN_STYLE = Automatic;
				INFOPLIST_FILE = "Teste Hotmart/Info.plist";
				LD_RUNPATH_SEARCH_PATHS = (
					"$(inherited)",
					"@executable_path/Frameworks",
				);
				PRODUCT_BUNDLE_IDENTIFIER = "rafaeladnunes.Teste-Hotmart";
				PRODUCT_NAME = "$(TARGET_NAME)";
				SWIFT_VERSION = 5.0;
				TARGETED_DEVICE_FAMILY = "1,2";
			};
			name = Debug;
		};
		D385813F24DB7E3C002F9FC7 /* Release */ = {
			isa = XCBuildConfiguration;
			buildSettings = {
				ASSETCATALOG_COMPILER_APPICON_NAME = AppIcon;
				CODE_SIGN_STYLE = Automatic;
				INFOPLIST_FILE = "Teste Hotmart/Info.plist";
				LD_RUNPATH_SEARCH_PATHS = (
					"$(inherited)",
					"@executable_path/Frameworks",
				);
				PRODUCT_BUNDLE_IDENTIFIER = "rafaeladnunes.Teste-Hotmart";
				PRODUCT_NAME = "$(TARGET_NAME)";
				SWIFT_VERSION = 5.0;
				TARGETED_DEVICE_FAMILY = "1,2";
			};
			name = Release;
		};
		D385814124DB7E3C002F9FC7 /* Debug */ = {
			isa = XCBuildConfiguration;
			buildSettings = {
				ALWAYS_EMBED_SWIFT_STANDARD_LIBRARIES = YES;
				BUNDLE_LOADER = "$(TEST_HOST)";
				CODE_SIGN_STYLE = Automatic;
				INFOPLIST_FILE = "Teste HotmartTests/Info.plist";
				IPHONEOS_DEPLOYMENT_TARGET = 13.5;
				LD_RUNPATH_SEARCH_PATHS = (
					"$(inherited)",
					"@executable_path/Frameworks",
					"@loader_path/Frameworks",
				);
				PRODUCT_BUNDLE_IDENTIFIER = "rafaeladnunes.Teste-HotmartTests";
				PRODUCT_NAME = "$(TARGET_NAME)";
				SWIFT_VERSION = 5.0;
				TARGETED_DEVICE_FAMILY = "1,2";
				TEST_HOST = "$(BUILT_PRODUCTS_DIR)/Teste Hotmart.app/Teste Hotmart";
			};
			name = Debug;
		};
		D385814224DB7E3C002F9FC7 /* Release */ = {
			isa = XCBuildConfiguration;
			buildSettings = {
				ALWAYS_EMBED_SWIFT_STANDARD_LIBRARIES = YES;
				BUNDLE_LOADER = "$(TEST_HOST)";
				CODE_SIGN_STYLE = Automatic;
				INFOPLIST_FILE = "Teste HotmartTests/Info.plist";
				IPHONEOS_DEPLOYMENT_TARGET = 13.5;
				LD_RUNPATH_SEARCH_PATHS = (
					"$(inherited)",
					"@executable_path/Frameworks",
					"@loader_path/Frameworks",
				);
				PRODUCT_BUNDLE_IDENTIFIER = "rafaeladnunes.Teste-HotmartTests";
				PRODUCT_NAME = "$(TARGET_NAME)";
				SWIFT_VERSION = 5.0;
				TARGETED_DEVICE_FAMILY = "1,2";
				TEST_HOST = "$(BUILT_PRODUCTS_DIR)/Teste Hotmart.app/Teste Hotmart";
			};
			name = Release;
		};
		D385814424DB7E3C002F9FC7 /* Debug */ = {
			isa = XCBuildConfiguration;
			buildSettings = {
				ALWAYS_EMBED_SWIFT_STANDARD_LIBRARIES = YES;
				CODE_SIGN_STYLE = Automatic;
				INFOPLIST_FILE = "Teste HotmartUITests/Info.plist";
				LD_RUNPATH_SEARCH_PATHS = (
					"$(inherited)",
					"@executable_path/Frameworks",
					"@loader_path/Frameworks",
				);
				PRODUCT_BUNDLE_IDENTIFIER = "rafaeladnunes.Teste-HotmartUITests";
				PRODUCT_NAME = "$(TARGET_NAME)";
				SWIFT_VERSION = 5.0;
				TARGETED_DEVICE_FAMILY = "1,2";
				TEST_TARGET_NAME = "Teste Hotmart";
			};
			name = Debug;
		};
		D385814524DB7E3C002F9FC7 /* Release */ = {
			isa = XCBuildConfiguration;
			buildSettings = {
				ALWAYS_EMBED_SWIFT_STANDARD_LIBRARIES = YES;
				CODE_SIGN_STYLE = Automatic;
				INFOPLIST_FILE = "Teste HotmartUITests/Info.plist";
				LD_RUNPATH_SEARCH_PATHS = (
					"$(inherited)",
					"@executable_path/Frameworks",
					"@loader_path/Frameworks",
				);
				PRODUCT_BUNDLE_IDENTIFIER = "rafaeladnunes.Teste-HotmartUITests";
				PRODUCT_NAME = "$(TARGET_NAME)";
				SWIFT_VERSION = 5.0;
				TARGETED_DEVICE_FAMILY = "1,2";
				TEST_TARGET_NAME = "Teste Hotmart";
			};
			name = Release;
		};
/* End XCBuildConfiguration section */

/* Begin XCConfigurationList section */
		D385810E24DB7E3A002F9FC7 /* Build configuration list for PBXProject "Teste Hotmart" */ = {
			isa = XCConfigurationList;
			buildConfigurations = (
				D385813B24DB7E3C002F9FC7 /* Debug */,
				D385813C24DB7E3C002F9FC7 /* Release */,
			);
			defaultConfigurationIsVisible = 0;
			defaultConfigurationName = Release;
		};
		D385813D24DB7E3C002F9FC7 /* Build configuration list for PBXNativeTarget "Teste Hotmart" */ = {
			isa = XCConfigurationList;
			buildConfigurations = (
				D385813E24DB7E3C002F9FC7 /* Debug */,
				D385813F24DB7E3C002F9FC7 /* Release */,
			);
			defaultConfigurationIsVisible = 0;
			defaultConfigurationName = Release;
		};
		D385814024DB7E3C002F9FC7 /* Build configuration list for PBXNativeTarget "Teste HotmartTests" */ = {
			isa = XCConfigurationList;
			buildConfigurations = (
				D385814124DB7E3C002F9FC7 /* Debug */,
				D385814224DB7E3C002F9FC7 /* Release */,
			);
			defaultConfigurationIsVisible = 0;
			defaultConfigurationName = Release;
		};
		D385814324DB7E3C002F9FC7 /* Build configuration list for PBXNativeTarget "Teste HotmartUITests" */ = {
			isa = XCConfigurationList;
			buildConfigurations = (
				D385814424DB7E3C002F9FC7 /* Debug */,
				D385814524DB7E3C002F9FC7 /* Release */,
			);
			defaultConfigurationIsVisible = 0;
			defaultConfigurationName = Release;
		};
/* End XCConfigurationList section */
	};
	rootObject = D385810B24DB7E3A002F9FC7 /* Project object */;
}
