// !$*UTF8*$!
{
	archiveVersion = 1;
	classes = {
	};
	objectVersion = 50;
	objects = {

/* Begin PBXBuildFile section */
		05812FE924DCCD9000728CD5 /* LocationsRepository.swift in Sources */ = {isa = PBXBuildFile; fileRef = 05812FE824DCCD9000728CD5 /* LocationsRepository.swift */; };
		05812FEC24DCD40700728CD5 /* Location.swift in Sources */ = {isa = PBXBuildFile; fileRef = 05812FEB24DCD40700728CD5 /* Location.swift */; };
		0590596424DCB7D200087EBA /* CompaniesCollectionViewCell.swift in Sources */ = {isa = PBXBuildFile; fileRef = 0590596324DCB7D200087EBA /* CompaniesCollectionViewCell.swift */; };
		05A6797624DCE633008ECBE0 /* Details.storyboard in Resources */ = {isa = PBXBuildFile; fileRef = 05A6797524DCE633008ECBE0 /* Details.storyboard */; };
		05A6798324DCE952008ECBE0 /* DetailsViewController.swift in Sources */ = {isa = PBXBuildFile; fileRef = 05A6798224DCE952008ECBE0 /* DetailsViewController.swift */; };
		05A6798524DCE9EA008ECBE0 /* LocationRouter.swift in Sources */ = {isa = PBXBuildFile; fileRef = 05A6798424DCE9EA008ECBE0 /* LocationRouter.swift */; };
		05A6798824DDBD09008ECBE0 /* LocationDetails.swift in Sources */ = {isa = PBXBuildFile; fileRef = 05A6798724DDBD09008ECBE0 /* LocationDetails.swift */; };
		05A6798A24DDBDD9008ECBE0 /* Schedules.swift in Sources */ = {isa = PBXBuildFile; fileRef = 05A6798924DDBDD9008ECBE0 /* Schedules.swift */; };
		05A6798C24DDBEAC008ECBE0 /* Schedule.swift in Sources */ = {isa = PBXBuildFile; fileRef = 05A6798B24DDBEAC008ECBE0 /* Schedule.swift */; };
		05CB563B24E1B8EC0082A1E9 /* APIRouter.swift in Sources */ = {isa = PBXBuildFile; fileRef = 05CB563A24E1B8EC0082A1E9 /* APIRouter.swift */; };
		05CB563D24E1BB060082A1E9 /* Constants.swift in Sources */ = {isa = PBXBuildFile; fileRef = 05CB563C24E1BB060082A1E9 /* Constants.swift */; };
		05CB563F24E1C8AE0082A1E9 /* Locations.swift in Sources */ = {isa = PBXBuildFile; fileRef = 05CB563E24E1C8AE0082A1E9 /* Locations.swift */; };
		05CB564124E1F2100082A1E9 /* LocationPresenter.swift in Sources */ = {isa = PBXBuildFile; fileRef = 05CB564024E1F2100082A1E9 /* LocationPresenter.swift */; };
		05CB564324E1FB520082A1E9 /* DetailsPresenter.swift in Sources */ = {isa = PBXBuildFile; fileRef = 05CB564224E1FB520082A1E9 /* DetailsPresenter.swift */; };
		05CB564524E204740082A1E9 /* ReviewsTableViewCell.swift in Sources */ = {isa = PBXBuildFile; fileRef = 05CB564424E204740082A1E9 /* ReviewsTableViewCell.swift */; };
		05CB564A24E20DE00082A1E9 /* ReviewMock.json in Resources */ = {isa = PBXBuildFile; fileRef = 05CB564924E20DE00082A1E9 /* ReviewMock.json */; };
		05CB564C24E20FDB0082A1E9 /* Review.swift in Sources */ = {isa = PBXBuildFile; fileRef = 05CB564B24E20FDB0082A1E9 /* Review.swift */; };
		05CB565224E459AA0082A1E9 /* DaySchedule.swift in Sources */ = {isa = PBXBuildFile; fileRef = 05CB564F24E459AA0082A1E9 /* DaySchedule.swift */; };
		05CB565324E459AA0082A1E9 /* ScheduleDetailFormatter.swift in Sources */ = {isa = PBXBuildFile; fileRef = 05CB565024E459AA0082A1E9 /* ScheduleDetailFormatter.swift */; };
		05CB565424E459AA0082A1E9 /* WeekSchedule.swift in Sources */ = {isa = PBXBuildFile; fileRef = 05CB565124E459AA0082A1E9 /* WeekSchedule.swift */; };
		05CB565B24E45E1D0082A1E9 /* Localizable.strings in Resources */ = {isa = PBXBuildFile; fileRef = 05CB565D24E45E1D0082A1E9 /* Localizable.strings */; };
		39225DFC56CD3DFDD558D456 /* libPods-Teste Hotmart.a in Frameworks */ = {isa = PBXBuildFile; fileRef = D4A39CCC5B7C4F032BE57037 /* libPods-Teste Hotmart.a */; };
		441E497D7A356CC185E927E2 /* libPods-Teste Hotmart-Teste HotmartUITests.a in Frameworks */ = {isa = PBXBuildFile; fileRef = 8590BBD6F699616A0F6B55E4 /* libPods-Teste Hotmart-Teste HotmartUITests.a */; };
		D385811724DB7E3A002F9FC7 /* AppDelegate.swift in Sources */ = {isa = PBXBuildFile; fileRef = D385811624DB7E3A002F9FC7 /* AppDelegate.swift */; };
		D385811924DB7E3A002F9FC7 /* SceneDelegate.swift in Sources */ = {isa = PBXBuildFile; fileRef = D385811824DB7E3A002F9FC7 /* SceneDelegate.swift */; };
		D385811B24DB7E3A002F9FC7 /* HomeViewController.swift in Sources */ = {isa = PBXBuildFile; fileRef = D385811A24DB7E3A002F9FC7 /* HomeViewController.swift */; };
		D385811E24DB7E3A002F9FC7 /* Main.storyboard in Resources */ = {isa = PBXBuildFile; fileRef = D385811C24DB7E3A002F9FC7 /* Main.storyboard */; };
		D385812024DB7E3B002F9FC7 /* Assets.xcassets in Resources */ = {isa = PBXBuildFile; fileRef = D385811F24DB7E3B002F9FC7 /* Assets.xcassets */; };
		D385812324DB7E3B002F9FC7 /* LaunchScreen.storyboard in Resources */ = {isa = PBXBuildFile; fileRef = D385812124DB7E3B002F9FC7 /* LaunchScreen.storyboard */; };
		D385812E24DB7E3C002F9FC7 /* Teste_HotmartTests.swift in Sources */ = {isa = PBXBuildFile; fileRef = D385812D24DB7E3C002F9FC7 /* Teste_HotmartTests.swift */; };
		D385813924DB7E3C002F9FC7 /* Teste_HotmartUITests.swift in Sources */ = {isa = PBXBuildFile; fileRef = D385813824DB7E3C002F9FC7 /* Teste_HotmartUITests.swift */; };
		FAB3D23377D3A8984D6C9C4F /* libPods-Teste HotmartTests.a in Frameworks */ = {isa = PBXBuildFile; fileRef = A0E4EB5CCB52E29EA3B613E7 /* libPods-Teste HotmartTests.a */; };
/* End PBXBuildFile section */

/* Begin PBXContainerItemProxy section */
		D385812A24DB7E3C002F9FC7 /* PBXContainerItemProxy */ = {
			isa = PBXContainerItemProxy;
			containerPortal = D385810B24DB7E3A002F9FC7 /* Project object */;
			proxyType = 1;
			remoteGlobalIDString = D385811224DB7E3A002F9FC7;
			remoteInfo = "Teste Hotmart";
		};
		D385813524DB7E3C002F9FC7 /* PBXContainerItemProxy */ = {
			isa = PBXContainerItemProxy;
			containerPortal = D385810B24DB7E3A002F9FC7 /* Project object */;
			proxyType = 1;
			remoteGlobalIDString = D385811224DB7E3A002F9FC7;
			remoteInfo = "Teste Hotmart";
		};
/* End PBXContainerItemProxy section */

/* Begin PBXFileReference section */
		05812FE824DCCD9000728CD5 /* LocationsRepository.swift */ = {isa = PBXFileReference; lastKnownFileType = sourcecode.swift; path = LocationsRepository.swift; sourceTree = "<group>"; };
		05812FEB24DCD40700728CD5 /* Location.swift */ = {isa = PBXFileReference; lastKnownFileType = sourcecode.swift; path = Location.swift; sourceTree = "<group>"; };
		0590596324DCB7D200087EBA /* CompaniesCollectionViewCell.swift */ = {isa = PBXFileReference; lastKnownFileType = sourcecode.swift; path = CompaniesCollectionViewCell.swift; sourceTree = "<group>"; };
		05A6797524DCE633008ECBE0 /* Details.storyboard */ = {isa = PBXFileReference; lastKnownFileType = file.storyboard; path = Details.storyboard; sourceTree = "<group>"; };
		05A6797F24DCE789008ECBE0 /* OpenSans-Light.ttf */ = {isa = PBXFileReference; lastKnownFileType = file; path = "OpenSans-Light.ttf"; sourceTree = "<group>"; };
		05A6798024DCE78A008ECBE0 /* OpenSans-Regular.ttf */ = {isa = PBXFileReference; lastKnownFileType = file; path = "OpenSans-Regular.ttf"; sourceTree = "<group>"; };
		05A6798124DCE78A008ECBE0 /* OpenSans-SemiBold.ttf */ = {isa = PBXFileReference; lastKnownFileType = file; path = "OpenSans-SemiBold.ttf"; sourceTree = "<group>"; };
		05A6798224DCE952008ECBE0 /* DetailsViewController.swift */ = {isa = PBXFileReference; lastKnownFileType = sourcecode.swift; path = DetailsViewController.swift; sourceTree = "<group>"; };
		05A6798424DCE9EA008ECBE0 /* LocationRouter.swift */ = {isa = PBXFileReference; lastKnownFileType = sourcecode.swift; path = LocationRouter.swift; sourceTree = "<group>"; };
		05A6798724DDBD09008ECBE0 /* LocationDetails.swift */ = {isa = PBXFileReference; lastKnownFileType = sourcecode.swift; path = LocationDetails.swift; sourceTree = "<group>"; };
		05A6798924DDBDD9008ECBE0 /* Schedules.swift */ = {isa = PBXFileReference; lastKnownFileType = sourcecode.swift; path = Schedules.swift; sourceTree = "<group>"; };
		05A6798B24DDBEAC008ECBE0 /* Schedule.swift */ = {isa = PBXFileReference; lastKnownFileType = sourcecode.swift; path = Schedule.swift; sourceTree = "<group>"; };
		05CB563A24E1B8EC0082A1E9 /* APIRouter.swift */ = {isa = PBXFileReference; lastKnownFileType = sourcecode.swift; path = APIRouter.swift; sourceTree = "<group>"; };
		05CB563C24E1BB060082A1E9 /* Constants.swift */ = {isa = PBXFileReference; lastKnownFileType = sourcecode.swift; path = Constants.swift; sourceTree = "<group>"; };
		05CB563E24E1C8AE0082A1E9 /* Locations.swift */ = {isa = PBXFileReference; lastKnownFileType = sourcecode.swift; path = Locations.swift; sourceTree = "<group>"; };
		05CB564024E1F2100082A1E9 /* LocationPresenter.swift */ = {isa = PBXFileReference; lastKnownFileType = sourcecode.swift; path = LocationPresenter.swift; sourceTree = "<group>"; };
		05CB564224E1FB520082A1E9 /* DetailsPresenter.swift */ = {isa = PBXFileReference; lastKnownFileType = sourcecode.swift; path = DetailsPresenter.swift; sourceTree = "<group>"; };
		05CB564424E204740082A1E9 /* ReviewsTableViewCell.swift */ = {isa = PBXFileReference; lastKnownFileType = sourcecode.swift; path = ReviewsTableViewCell.swift; sourceTree = "<group>"; };
		05CB564924E20DE00082A1E9 /* ReviewMock.json */ = {isa = PBXFileReference; lastKnownFileType = text.json; path = ReviewMock.json; sourceTree = "<group>"; };
		05CB564B24E20FDB0082A1E9 /* Review.swift */ = {isa = PBXFileReference; lastKnownFileType = sourcecode.swift; path = Review.swift; sourceTree = "<group>"; };
		05CB564F24E459AA0082A1E9 /* DaySchedule.swift */ = {isa = PBXFileReference; fileEncoding = 4; lastKnownFileType = sourcecode.swift; path = DaySchedule.swift; sourceTree = "<group>"; };
		05CB565024E459AA0082A1E9 /* ScheduleDetailFormatter.swift */ = {isa = PBXFileReference; fileEncoding = 4; lastKnownFileType = sourcecode.swift; path = ScheduleDetailFormatter.swift; sourceTree = "<group>"; };
		05CB565124E459AA0082A1E9 /* WeekSchedule.swift */ = {isa = PBXFileReference; fileEncoding = 4; lastKnownFileType = sourcecode.swift; path = WeekSchedule.swift; sourceTree = "<group>"; };
		05CB565524E45D190082A1E9 /* pt-BR */ = {isa = PBXFileReference; lastKnownFileType = text.plist.strings; name = "pt-BR"; path = "pt-BR.lproj/Main.strings"; sourceTree = "<group>"; };
		05CB565624E45D1A0082A1E9 /* pt-BR */ = {isa = PBXFileReference; lastKnownFileType = text.plist.strings; name = "pt-BR"; path = "pt-BR.lproj/LaunchScreen.strings"; sourceTree = "<group>"; };
		05CB565C24E45E1D0082A1E9 /* en */ = {isa = PBXFileReference; lastKnownFileType = text.plist.strings; name = en; path = en.lproj/Localizable.strings; sourceTree = "<group>"; };
		05CB565E24E45E230082A1E9 /* pt-BR */ = {isa = PBXFileReference; lastKnownFileType = text.plist.strings; name = "pt-BR"; path = "pt-BR.lproj/Localizable.strings"; sourceTree = "<group>"; };
		1B03A9CBD9E1566883B924C1 /* Pods-Teste Hotmart.release.xcconfig */ = {isa = PBXFileReference; includeInIndex = 1; lastKnownFileType = text.xcconfig; name = "Pods-Teste Hotmart.release.xcconfig"; path = "Target Support Files/Pods-Teste Hotmart/Pods-Teste Hotmart.release.xcconfig"; sourceTree = "<group>"; };
		7EF57A0BA2C59FD6A15D8992 /* Pods-Teste Hotmart.debug.xcconfig */ = {isa = PBXFileReference; includeInIndex = 1; lastKnownFileType = text.xcconfig; name = "Pods-Teste Hotmart.debug.xcconfig"; path = "Target Support Files/Pods-Teste Hotmart/Pods-Teste Hotmart.debug.xcconfig"; sourceTree = "<group>"; };
		8590BBD6F699616A0F6B55E4 /* libPods-Teste Hotmart-Teste HotmartUITests.a */ = {isa = PBXFileReference; explicitFileType = archive.ar; includeInIndex = 0; path = "libPods-Teste Hotmart-Teste HotmartUITests.a"; sourceTree = BUILT_PRODUCTS_DIR; };
		931E89892CD865F73A06E1AC /* Pods-Teste HotmartTests.release.xcconfig */ = {isa = PBXFileReference; includeInIndex = 1; lastKnownFileType = text.xcconfig; name = "Pods-Teste HotmartTests.release.xcconfig"; path = "Target Support Files/Pods-Teste HotmartTests/Pods-Teste HotmartTests.release.xcconfig"; sourceTree = "<group>"; };
		A0E4EB5CCB52E29EA3B613E7 /* libPods-Teste HotmartTests.a */ = {isa = PBXFileReference; explicitFileType = archive.ar; includeInIndex = 0; path = "libPods-Teste HotmartTests.a"; sourceTree = BUILT_PRODUCTS_DIR; };
		AF88D2BED407C946195B1A99 /* Pods-Teste HotmartTests.debug.xcconfig */ = {isa = PBXFileReference; includeInIndex = 1; lastKnownFileType = text.xcconfig; name = "Pods-Teste HotmartTests.debug.xcconfig"; path = "Target Support Files/Pods-Teste HotmartTests/Pods-Teste HotmartTests.debug.xcconfig"; sourceTree = "<group>"; };
		D323AF55CC5B92B645C5E552 /* Pods-Teste Hotmart-Teste HotmartUITests.release.xcconfig */ = {isa = PBXFileReference; includeInIndex = 1; lastKnownFileType = text.xcconfig; name = "Pods-Teste Hotmart-Teste HotmartUITests.release.xcconfig"; path = "Target Support Files/Pods-Teste Hotmart-Teste HotmartUITests/Pods-Teste Hotmart-Teste HotmartUITests.release.xcconfig"; sourceTree = "<group>"; };
		D385811324DB7E3A002F9FC7 /* Teste Hotmart.app */ = {isa = PBXFileReference; explicitFileType = wrapper.application; includeInIndex = 0; path = "Teste Hotmart.app"; sourceTree = BUILT_PRODUCTS_DIR; };
		D385811624DB7E3A002F9FC7 /* AppDelegate.swift */ = {isa = PBXFileReference; lastKnownFileType = sourcecode.swift; path = AppDelegate.swift; sourceTree = "<group>"; };
		D385811824DB7E3A002F9FC7 /* SceneDelegate.swift */ = {isa = PBXFileReference; lastKnownFileType = sourcecode.swift; path = SceneDelegate.swift; sourceTree = "<group>"; };
		D385811A24DB7E3A002F9FC7 /* HomeViewController.swift */ = {isa = PBXFileReference; lastKnownFileType = sourcecode.swift; path = HomeViewController.swift; sourceTree = "<group>"; };
		D385811D24DB7E3A002F9FC7 /* Base */ = {isa = PBXFileReference; lastKnownFileType = file.storyboard; name = Base; path = Base.lproj/Main.storyboard; sourceTree = "<group>"; };
		D385811F24DB7E3B002F9FC7 /* Assets.xcassets */ = {isa = PBXFileReference; lastKnownFileType = folder.assetcatalog; path = Assets.xcassets; sourceTree = "<group>"; };
		D385812224DB7E3B002F9FC7 /* Base */ = {isa = PBXFileReference; lastKnownFileType = file.storyboard; name = Base; path = Base.lproj/LaunchScreen.storyboard; sourceTree = "<group>"; };
		D385812424DB7E3B002F9FC7 /* Info.plist */ = {isa = PBXFileReference; lastKnownFileType = text.plist.xml; path = Info.plist; sourceTree = "<group>"; };
		D385812924DB7E3C002F9FC7 /* Teste HotmartTests.xctest */ = {isa = PBXFileReference; explicitFileType = wrapper.cfbundle; includeInIndex = 0; path = "Teste HotmartTests.xctest"; sourceTree = BUILT_PRODUCTS_DIR; };
		D385812D24DB7E3C002F9FC7 /* Teste_HotmartTests.swift */ = {isa = PBXFileReference; lastKnownFileType = sourcecode.swift; path = Teste_HotmartTests.swift; sourceTree = "<group>"; };
		D385812F24DB7E3C002F9FC7 /* Info.plist */ = {isa = PBXFileReference; lastKnownFileType = text.plist.xml; path = Info.plist; sourceTree = "<group>"; };
		D385813424DB7E3C002F9FC7 /* Teste HotmartUITests.xctest */ = {isa = PBXFileReference; explicitFileType = wrapper.cfbundle; includeInIndex = 0; path = "Teste HotmartUITests.xctest"; sourceTree = BUILT_PRODUCTS_DIR; };
		D385813824DB7E3C002F9FC7 /* Teste_HotmartUITests.swift */ = {isa = PBXFileReference; lastKnownFileType = sourcecode.swift; path = Teste_HotmartUITests.swift; sourceTree = "<group>"; };
		D385813A24DB7E3C002F9FC7 /* Info.plist */ = {isa = PBXFileReference; lastKnownFileType = text.plist.xml; path = Info.plist; sourceTree = "<group>"; };
		D4A39CCC5B7C4F032BE57037 /* libPods-Teste Hotmart.a */ = {isa = PBXFileReference; explicitFileType = archive.ar; includeInIndex = 0; path = "libPods-Teste Hotmart.a"; sourceTree = BUILT_PRODUCTS_DIR; };
		D8628B2D9CD2DF8C93131C2F /* Pods-Teste Hotmart-Teste HotmartUITests.debug.xcconfig */ = {isa = PBXFileReference; includeInIndex = 1; lastKnownFileType = text.xcconfig; name = "Pods-Teste Hotmart-Teste HotmartUITests.debug.xcconfig"; path = "Target Support Files/Pods-Teste Hotmart-Teste HotmartUITests/Pods-Teste Hotmart-Teste HotmartUITests.debug.xcconfig"; sourceTree = "<group>"; };
/* End PBXFileReference section */

/* Begin PBXFrameworksBuildPhase section */
		D385811024DB7E3A002F9FC7 /* Frameworks */ = {
			isa = PBXFrameworksBuildPhase;
			buildActionMask = 2147483647;
			files = (
				39225DFC56CD3DFDD558D456 /* libPods-Teste Hotmart.a in Frameworks */,
			);
			runOnlyForDeploymentPostprocessing = 0;
		};
		D385812624DB7E3C002F9FC7 /* Frameworks */ = {
			isa = PBXFrameworksBuildPhase;
			buildActionMask = 2147483647;
			files = (
				FAB3D23377D3A8984D6C9C4F /* libPods-Teste HotmartTests.a in Frameworks */,
			);
			runOnlyForDeploymentPostprocessing = 0;
		};
		D385813124DB7E3C002F9FC7 /* Frameworks */ = {
			isa = PBXFrameworksBuildPhase;
			buildActionMask = 2147483647;
			files = (
				441E497D7A356CC185E927E2 /* libPods-Teste Hotmart-Teste HotmartUITests.a in Frameworks */,
			);
			runOnlyForDeploymentPostprocessing = 0;
		};
/* End PBXFrameworksBuildPhase section */

/* Begin PBXGroup section */
		05812FE724DCCD8100728CD5 /* Locations */ = {
			isa = PBXGroup;
			children = (
				05A6797424DCE614008ECBE0 /* Details */,
				0590596124DCAACC00087EBA /* List */,
				05812FE824DCCD9000728CD5 /* LocationsRepository.swift */,
				05A6798424DCE9EA008ECBE0 /* LocationRouter.swift */,
			);
			path = Locations;
			sourceTree = "<group>";
		};
		05812FEA24DCD3F000728CD5 /* Modules */ = {
			isa = PBXGroup;
			children = (
				05812FEB24DCD40700728CD5 /* Location.swift */,
				05CB563E24E1C8AE0082A1E9 /* Locations.swift */,
			);
			path = Modules;
			sourceTree = "<group>";
		};
		0590596124DCAACC00087EBA /* List */ = {
			isa = PBXGroup;
			children = (
				0590596224DCAB0A00087EBA /* Cell */,
				05812FEA24DCD3F000728CD5 /* Modules */,
				D385811A24DB7E3A002F9FC7 /* HomeViewController.swift */,
				D385811C24DB7E3A002F9FC7 /* Main.storyboard */,
				05CB564024E1F2100082A1E9 /* LocationPresenter.swift */,
			);
			path = List;
			sourceTree = "<group>";
		};
		0590596224DCAB0A00087EBA /* Cell */ = {
			isa = PBXGroup;
			children = (
				0590596324DCB7D200087EBA /* CompaniesCollectionViewCell.swift */,
			);
			path = Cell;
			sourceTree = "<group>";
		};
		05A6797424DCE614008ECBE0 /* Details */ = {
			isa = PBXGroup;
			children = (
				05CB566024E477400082A1E9 /* Cell */,
				05A6798624DDBC76008ECBE0 /* Modules */,
				05A6797524DCE633008ECBE0 /* Details.storyboard */,
				05A6798224DCE952008ECBE0 /* DetailsViewController.swift */,
				05CB564224E1FB520082A1E9 /* DetailsPresenter.swift */,
			);
			path = Details;
			sourceTree = "<group>";
		};
		05A6797D24DCE779008ECBE0 /* Utils */ = {
			isa = PBXGroup;
			children = (
				05CB564624E20A3B0082A1E9 /* Mocks */,
				05CB563924E1B8D30082A1E9 /* Data */,
				05A6797E24DCE783008ECBE0 /* Strings */,
			);
			path = Utils;
			sourceTree = "<group>";
		};
		05A6797E24DCE783008ECBE0 /* Strings */ = {
			isa = PBXGroup;
			children = (
				05CB565D24E45E1D0082A1E9 /* Localizable.strings */,
				05A6797F24DCE789008ECBE0 /* OpenSans-Light.ttf */,
				05A6798024DCE78A008ECBE0 /* OpenSans-Regular.ttf */,
				05A6798124DCE78A008ECBE0 /* OpenSans-SemiBold.ttf */,
			);
			path = Strings;
			sourceTree = "<group>";
		};
		05A6798624DDBC76008ECBE0 /* Modules */ = {
			isa = PBXGroup;
			children = (
				05CB564F24E459AA0082A1E9 /* DaySchedule.swift */,
				05CB565024E459AA0082A1E9 /* ScheduleDetailFormatter.swift */,
				05CB565124E459AA0082A1E9 /* WeekSchedule.swift */,
				05A6798724DDBD09008ECBE0 /* LocationDetails.swift */,
				05A6798924DDBDD9008ECBE0 /* Schedules.swift */,
				05A6798B24DDBEAC008ECBE0 /* Schedule.swift */,
				05CB564B24E20FDB0082A1E9 /* Review.swift */,
			);
			path = Modules;
			sourceTree = "<group>";
		};
		05CB563924E1B8D30082A1E9 /* Data */ = {
			isa = PBXGroup;
			children = (
				05CB563A24E1B8EC0082A1E9 /* APIRouter.swift */,
				05CB563C24E1BB060082A1E9 /* Constants.swift */,
			);
			path = Data;
			sourceTree = "<group>";
		};
		05CB564624E20A3B0082A1E9 /* Mocks */ = {
			isa = PBXGroup;
			children = (
				05CB564924E20DE00082A1E9 /* ReviewMock.json */,
			);
			path = Mocks;
			sourceTree = "<group>";
		};
		05CB566024E477400082A1E9 /* Cell */ = {
			isa = PBXGroup;
			children = (
				05CB564424E204740082A1E9 /* ReviewsTableViewCell.swift */,
			);
			path = Cell;
			sourceTree = "<group>";
		};
		4C9FC835DB14ACC64133A1FD /* Frameworks */ = {
			isa = PBXGroup;
			children = (
				D4A39CCC5B7C4F032BE57037 /* libPods-Teste Hotmart.a */,
				8590BBD6F699616A0F6B55E4 /* libPods-Teste Hotmart-Teste HotmartUITests.a */,
				A0E4EB5CCB52E29EA3B613E7 /* libPods-Teste HotmartTests.a */,
			);
			name = Frameworks;
			sourceTree = "<group>";
		};
		58189485019BF3B63208303F /* Pods */ = {
			isa = PBXGroup;
			children = (
				7EF57A0BA2C59FD6A15D8992 /* Pods-Teste Hotmart.debug.xcconfig */,
				1B03A9CBD9E1566883B924C1 /* Pods-Teste Hotmart.release.xcconfig */,
				D8628B2D9CD2DF8C93131C2F /* Pods-Teste Hotmart-Teste HotmartUITests.debug.xcconfig */,
				D323AF55CC5B92B645C5E552 /* Pods-Teste Hotmart-Teste HotmartUITests.release.xcconfig */,
				AF88D2BED407C946195B1A99 /* Pods-Teste HotmartTests.debug.xcconfig */,
				931E89892CD865F73A06E1AC /* Pods-Teste HotmartTests.release.xcconfig */,
			);
			path = Pods;
			sourceTree = "<group>";
		};
		D385810A24DB7E3A002F9FC7 = {
			isa = PBXGroup;
			children = (
				D385811524DB7E3A002F9FC7 /* Teste Hotmart */,
				D385812C24DB7E3C002F9FC7 /* Teste HotmartTests */,
				D385813724DB7E3C002F9FC7 /* Teste HotmartUITests */,
				D385811424DB7E3A002F9FC7 /* Products */,
				58189485019BF3B63208303F /* Pods */,
				4C9FC835DB14ACC64133A1FD /* Frameworks */,
			);
			sourceTree = "<group>";
		};
		D385811424DB7E3A002F9FC7 /* Products */ = {
			isa = PBXGroup;
			children = (
				D385811324DB7E3A002F9FC7 /* Teste Hotmart.app */,
				D385812924DB7E3C002F9FC7 /* Teste HotmartTests.xctest */,
				D385813424DB7E3C002F9FC7 /* Teste HotmartUITests.xctest */,
			);
			name = Products;
			sourceTree = "<group>";
		};
		D385811524DB7E3A002F9FC7 /* Teste Hotmart */ = {
			isa = PBXGroup;
			children = (
				05A6797D24DCE779008ECBE0 /* Utils */,
				05812FE724DCCD8100728CD5 /* Locations */,
				D385811624DB7E3A002F9FC7 /* AppDelegate.swift */,
				D385811824DB7E3A002F9FC7 /* SceneDelegate.swift */,
				D385811F24DB7E3B002F9FC7 /* Assets.xcassets */,
				D385812124DB7E3B002F9FC7 /* LaunchScreen.storyboard */,
				D385812424DB7E3B002F9FC7 /* Info.plist */,
			);
			path = "Teste Hotmart";
			sourceTree = "<group>";
		};
		D385812C24DB7E3C002F9FC7 /* Teste HotmartTests */ = {
			isa = PBXGroup;
			children = (
				D385812D24DB7E3C002F9FC7 /* Teste_HotmartTests.swift */,
				D385812F24DB7E3C002F9FC7 /* Info.plist */,
			);
			path = "Teste HotmartTests";
			sourceTree = "<group>";
		};
		D385813724DB7E3C002F9FC7 /* Teste HotmartUITests */ = {
			isa = PBXGroup;
			children = (
				D385813824DB7E3C002F9FC7 /* Teste_HotmartUITests.swift */,
				D385813A24DB7E3C002F9FC7 /* Info.plist */,
			);
			path = "Teste HotmartUITests";
			sourceTree = "<group>";
		};
/* End PBXGroup section */

/* Begin PBXNativeTarget section */
		D385811224DB7E3A002F9FC7 /* Teste Hotmart */ = {
			isa = PBXNativeTarget;
			buildConfigurationList = D385813D24DB7E3C002F9FC7 /* Build configuration list for PBXNativeTarget "Teste Hotmart" */;
			buildPhases = (
				CE5FD432CD1A3BCAFA480587 /* [CP] Check Pods Manifest.lock */,
				D385810F24DB7E3A002F9FC7 /* Sources */,
				D385811024DB7E3A002F9FC7 /* Frameworks */,
				D385811124DB7E3A002F9FC7 /* Resources */,
			);
			buildRules = (
			);
			dependencies = (
			);
			name = "Teste Hotmart";
			productName = "Teste Hotmart";
			productReference = D385811324DB7E3A002F9FC7 /* Teste Hotmart.app */;
			productType = "com.apple.product-type.application";
		};
		D385812824DB7E3C002F9FC7 /* Teste HotmartTests */ = {
			isa = PBXNativeTarget;
			buildConfigurationList = D385814024DB7E3C002F9FC7 /* Build configuration list for PBXNativeTarget "Teste HotmartTests" */;
			buildPhases = (
				7CAE39AFF8E1B4E53EB1B222 /* [CP] Check Pods Manifest.lock */,
				D385812524DB7E3C002F9FC7 /* Sources */,
				D385812624DB7E3C002F9FC7 /* Frameworks */,
				D385812724DB7E3C002F9FC7 /* Resources */,
			);
			buildRules = (
			);
			dependencies = (
				D385812B24DB7E3C002F9FC7 /* PBXTargetDependency */,
			);
			name = "Teste HotmartTests";
			productName = "Teste HotmartTests";
			productReference = D385812924DB7E3C002F9FC7 /* Teste HotmartTests.xctest */;
			productType = "com.apple.product-type.bundle.unit-test";
		};
		D385813324DB7E3C002F9FC7 /* Teste HotmartUITests */ = {
			isa = PBXNativeTarget;
			buildConfigurationList = D385814324DB7E3C002F9FC7 /* Build configuration list for PBXNativeTarget "Teste HotmartUITests" */;
			buildPhases = (
				082F950871054B1A34C1682B /* [CP] Check Pods Manifest.lock */,
				D385813024DB7E3C002F9FC7 /* Sources */,
				D385813124DB7E3C002F9FC7 /* Frameworks */,
				D385813224DB7E3C002F9FC7 /* Resources */,
			);
			buildRules = (
			);
			dependencies = (
				D385813624DB7E3C002F9FC7 /* PBXTargetDependency */,
			);
			name = "Teste HotmartUITests";
			productName = "Teste HotmartUITests";
			productReference = D385813424DB7E3C002F9FC7 /* Teste HotmartUITests.xctest */;
			productType = "com.apple.product-type.bundle.ui-testing";
		};
/* End PBXNativeTarget section */

/* Begin PBXProject section */
		D385810B24DB7E3A002F9FC7 /* Project object */ = {
			isa = PBXProject;
			attributes = {
				LastSwiftUpdateCheck = 1150;
				LastUpgradeCheck = 1150;
				ORGANIZATIONNAME = Rafa;
				TargetAttributes = {
					D385811224DB7E3A002F9FC7 = {
						CreatedOnToolsVersion = 11.5;
					};
					D385812824DB7E3C002F9FC7 = {
						CreatedOnToolsVersion = 11.5;
						TestTargetID = D385811224DB7E3A002F9FC7;
					};
					D385813324DB7E3C002F9FC7 = {
						CreatedOnToolsVersion = 11.5;
						TestTargetID = D385811224DB7E3A002F9FC7;
					};
				};
			};
			buildConfigurationList = D385810E24DB7E3A002F9FC7 /* Build configuration list for PBXProject "Teste Hotmart" */;
			compatibilityVersion = "Xcode 9.3";
			developmentRegion = en;
			hasScannedForEncodings = 0;
			knownRegions = (
				en,
				Base,
				"pt-BR",
			);
			mainGroup = D385810A24DB7E3A002F9FC7;
			productRefGroup = D385811424DB7E3A002F9FC7 /* Products */;
			projectDirPath = "";
			projectRoot = "";
			targets = (
				D385811224DB7E3A002F9FC7 /* Teste Hotmart */,
				D385812824DB7E3C002F9FC7 /* Teste HotmartTests */,
				D385813324DB7E3C002F9FC7 /* Teste HotmartUITests */,
			);
		};
/* End PBXProject section */

/* Begin PBXResourcesBuildPhase section */
		D385811124DB7E3A002F9FC7 /* Resources */ = {
			isa = PBXResourcesBuildPhase;
			buildActionMask = 2147483647;
			files = (
				D385812324DB7E3B002F9FC7 /* LaunchScreen.storyboard in Resources */,
				D385812024DB7E3B002F9FC7 /* Assets.xcassets in Resources */,
				05CB564A24E20DE00082A1E9 /* ReviewMock.json in Resources */,
				D385811E24DB7E3A002F9FC7 /* Main.storyboard in Resources */,
				05CB565B24E45E1D0082A1E9 /* Localizable.strings in Resources */,
				05A6797624DCE633008ECBE0 /* Details.storyboard in Resources */,
			);
			runOnlyForDeploymentPostprocessing = 0;
		};
		D385812724DB7E3C002F9FC7 /* Resources */ = {
			isa = PBXResourcesBuildPhase;
			buildActionMask = 2147483647;
			files = (
			);
			runOnlyForDeploymentPostprocessing = 0;
		};
		D385813224DB7E3C002F9FC7 /* Resources */ = {
			isa = PBXResourcesBuildPhase;
			buildActionMask = 2147483647;
			files = (
			);
			runOnlyForDeploymentPostprocessing = 0;
		};
/* End PBXResourcesBuildPhase section */

/* Begin PBXShellScriptBuildPhase section */
		082F950871054B1A34C1682B /* [CP] Check Pods Manifest.lock */ = {
			isa = PBXShellScriptBuildPhase;
			buildActionMask = 2147483647;
			files = (
			);
			inputFileListPaths = (
			);
			inputPaths = (
				"${PODS_PODFILE_DIR_PATH}/Podfile.lock",
				"${PODS_ROOT}/Manifest.lock",
			);
			name = "[CP] Check Pods Manifest.lock";
			outputFileListPaths = (
			);
			outputPaths = (
				"$(DERIVED_FILE_DIR)/Pods-Teste Hotmart-Teste HotmartUITests-checkManifestLockResult.txt",
			);
			runOnlyForDeploymentPostprocessing = 0;
			shellPath = /bin/sh;
			shellScript = "diff \"${PODS_PODFILE_DIR_PATH}/Podfile.lock\" \"${PODS_ROOT}/Manifest.lock\" > /dev/null\nif [ $? != 0 ] ; then\n    # print error to STDERR\n    echo \"error: The sandbox is not in sync with the Podfile.lock. Run 'pod install' or update your CocoaPods installation.\" >&2\n    exit 1\nfi\n# This output is used by Xcode 'outputs' to avoid re-running this script phase.\necho \"SUCCESS\" > \"${SCRIPT_OUTPUT_FILE_0}\"\n";
			showEnvVarsInLog = 0;
		};
		7CAE39AFF8E1B4E53EB1B222 /* [CP] Check Pods Manifest.lock */ = {
			isa = PBXShellScriptBuildPhase;
			buildActionMask = 2147483647;
			files = (
			);
			inputFileListPaths = (
			);
			inputPaths = (
				"${PODS_PODFILE_DIR_PATH}/Podfile.lock",
				"${PODS_ROOT}/Manifest.lock",
			);
			name = "[CP] Check Pods Manifest.lock";
			outputFileListPaths = (
			);
			outputPaths = (
				"$(DERIVED_FILE_DIR)/Pods-Teste HotmartTests-checkManifestLockResult.txt",
			);
			runOnlyForDeploymentPostprocessing = 0;
			shellPath = /bin/sh;
			shellScript = "diff \"${PODS_PODFILE_DIR_PATH}/Podfile.lock\" \"${PODS_ROOT}/Manifest.lock\" > /dev/null\nif [ $? != 0 ] ; then\n    # print error to STDERR\n    echo \"error: The sandbox is not in sync with the Podfile.lock. Run 'pod install' or update your CocoaPods installation.\" >&2\n    exit 1\nfi\n# This output is used by Xcode 'outputs' to avoid re-running this script phase.\necho \"SUCCESS\" > \"${SCRIPT_OUTPUT_FILE_0}\"\n";
			showEnvVarsInLog = 0;
		};
		CE5FD432CD1A3BCAFA480587 /* [CP] Check Pods Manifest.lock */ = {
			isa = PBXShellScriptBuildPhase;
			buildActionMask = 2147483647;
			files = (
			);
			inputFileListPaths = (
			);
			inputPaths = (
				"${PODS_PODFILE_DIR_PATH}/Podfile.lock",
				"${PODS_ROOT}/Manifest.lock",
			);
			name = "[CP] Check Pods Manifest.lock";
			outputFileListPaths = (
			);
			outputPaths = (
				"$(DERIVED_FILE_DIR)/Pods-Teste Hotmart-checkManifestLockResult.txt",
			);
			runOnlyForDeploymentPostprocessing = 0;
			shellPath = /bin/sh;
			shellScript = "diff \"${PODS_PODFILE_DIR_PATH}/Podfile.lock\" \"${PODS_ROOT}/Manifest.lock\" > /dev/null\nif [ $? != 0 ] ; then\n    # print error to STDERR\n    echo \"error: The sandbox is not in sync with the Podfile.lock. Run 'pod install' or update your CocoaPods installation.\" >&2\n    exit 1\nfi\n# This output is used by Xcode 'outputs' to avoid re-running this script phase.\necho \"SUCCESS\" > \"${SCRIPT_OUTPUT_FILE_0}\"\n";
			showEnvVarsInLog = 0;
		};
/* End PBXShellScriptBuildPhase section */

/* Begin PBXSourcesBuildPhase section */
		D385810F24DB7E3A002F9FC7 /* Sources */ = {
			isa = PBXSourcesBuildPhase;
			buildActionMask = 2147483647;
			files = (
				05CB565424E459AA0082A1E9 /* WeekSchedule.swift in Sources */,
				D385811B24DB7E3A002F9FC7 /* HomeViewController.swift in Sources */,
				05CB563B24E1B8EC0082A1E9 /* APIRouter.swift in Sources */,
				05A6798524DCE9EA008ECBE0 /* LocationRouter.swift in Sources */,
				05A6798C24DDBEAC008ECBE0 /* Schedule.swift in Sources */,
				05812FE924DCCD9000728CD5 /* LocationsRepository.swift in Sources */,
				D385811724DB7E3A002F9FC7 /* AppDelegate.swift in Sources */,
				0590596424DCB7D200087EBA /* CompaniesCollectionViewCell.swift in Sources */,
				05CB564124E1F2100082A1E9 /* LocationPresenter.swift in Sources */,
				05CB563D24E1BB060082A1E9 /* Constants.swift in Sources */,
				05A6798824DDBD09008ECBE0 /* LocationDetails.swift in Sources */,
				05A6798324DCE952008ECBE0 /* DetailsViewController.swift in Sources */,
				05CB564C24E20FDB0082A1E9 /* Review.swift in Sources */,
				05CB563F24E1C8AE0082A1E9 /* Locations.swift in Sources */,
				D385811924DB7E3A002F9FC7 /* SceneDelegate.swift in Sources */,
				05CB565224E459AA0082A1E9 /* DaySchedule.swift in Sources */,
				05A6798A24DDBDD9008ECBE0 /* Schedules.swift in Sources */,
				05CB565324E459AA0082A1E9 /* ScheduleDetailFormatter.swift in Sources */,
				05CB564524E204740082A1E9 /* ReviewsTableViewCell.swift in Sources */,
				05812FEC24DCD40700728CD5 /* Location.swift in Sources */,
				05CB564324E1FB520082A1E9 /* DetailsPresenter.swift in Sources */,
			);
			runOnlyForDeploymentPostprocessing = 0;
		};
		D385812524DB7E3C002F9FC7 /* Sources */ = {
			isa = PBXSourcesBuildPhase;
			buildActionMask = 2147483647;
			files = (
				D385812E24DB7E3C002F9FC7 /* Teste_HotmartTests.swift in Sources */,
			);
			runOnlyForDeploymentPostprocessing = 0;
		};
		D385813024DB7E3C002F9FC7 /* Sources */ = {
			isa = PBXSourcesBuildPhase;
			buildActionMask = 2147483647;
			files = (
				D385813924DB7E3C002F9FC7 /* Teste_HotmartUITests.swift in Sources */,
			);
			runOnlyForDeploymentPostprocessing = 0;
		};
/* End PBXSourcesBuildPhase section */

/* Begin PBXTargetDependency section */
		D385812B24DB7E3C002F9FC7 /* PBXTargetDependency */ = {
			isa = PBXTargetDependency;
			target = D385811224DB7E3A002F9FC7 /* Teste Hotmart */;
			targetProxy = D385812A24DB7E3C002F9FC7 /* PBXContainerItemProxy */;
		};
		D385813624DB7E3C002F9FC7 /* PBXTargetDependency */ = {
			isa = PBXTargetDependency;
			target = D385811224DB7E3A002F9FC7 /* Teste Hotmart */;
			targetProxy = D385813524DB7E3C002F9FC7 /* PBXContainerItemProxy */;
		};
/* End PBXTargetDependency section */

/* Begin PBXVariantGroup section */
		05CB565D24E45E1D0082A1E9 /* Localizable.strings */ = {
			isa = PBXVariantGroup;
			children = (
				05CB565C24E45E1D0082A1E9 /* en */,
				05CB565E24E45E230082A1E9 /* pt-BR */,
			);
			name = Localizable.strings;
			sourceTree = "<group>";
		};
		D385811C24DB7E3A002F9FC7 /* Main.storyboard */ = {
			isa = PBXVariantGroup;
			children = (
				D385811D24DB7E3A002F9FC7 /* Base */,
				05CB565524E45D190082A1E9 /* pt-BR */,
			);
			name = Main.storyboard;
			sourceTree = "<group>";
		};
		D385812124DB7E3B002F9FC7 /* LaunchScreen.storyboard */ = {
			isa = PBXVariantGroup;
			children = (
				D385812224DB7E3B002F9FC7 /* Base */,
				05CB565624E45D1A0082A1E9 /* pt-BR */,
			);
			name = LaunchScreen.storyboard;
			sourceTree = "<group>";
		};
/* End PBXVariantGroup section */

/* Begin XCBuildConfiguration section */
		D385813B24DB7E3C002F9FC7 /* Debug */ = {
			isa = XCBuildConfiguration;
			buildSettings = {
				ALWAYS_SEARCH_USER_PATHS = NO;
				CLANG_ANALYZER_LOCALIZABILITY_NONLOCALIZED = YES;
				CLANG_ANALYZER_NONNULL = YES;
				CLANG_ANALYZER_NUMBER_OBJECT_CONVERSION = YES_AGGRESSIVE;
				CLANG_CXX_LANGUAGE_STANDARD = "gnu++14";
				CLANG_CXX_LIBRARY = "libc++";
				CLANG_ENABLE_MODULES = YES;
				CLANG_ENABLE_OBJC_ARC = YES;
				CLANG_ENABLE_OBJC_WEAK = YES;
				CLANG_WARN_BLOCK_CAPTURE_AUTORELEASING = YES;
				CLANG_WARN_BOOL_CONVERSION = YES;
				CLANG_WARN_COMMA = YES;
				CLANG_WARN_CONSTANT_CONVERSION = YES;
				CLANG_WARN_DEPRECATED_OBJC_IMPLEMENTATIONS = YES;
				CLANG_WARN_DIRECT_OBJC_ISA_USAGE = YES_ERROR;
				CLANG_WARN_DOCUMENTATION_COMMENTS = YES;
				CLANG_WARN_EMPTY_BODY = YES;
				CLANG_WARN_ENUM_CONVERSION = YES;
				CLANG_WARN_INFINITE_RECURSION = YES;
				CLANG_WARN_INT_CONVERSION = YES;
				CLANG_WARN_NON_LITERAL_NULL_CONVERSION = YES;
				CLANG_WARN_OBJC_IMPLICIT_RETAIN_SELF = YES;
				CLANG_WARN_OBJC_LITERAL_CONVERSION = YES;
				CLANG_WARN_OBJC_ROOT_CLASS = YES_ERROR;
				CLANG_WARN_RANGE_LOOP_ANALYSIS = YES;
				CLANG_WARN_STRICT_PROTOTYPES = YES;
				CLANG_WARN_SUSPICIOUS_MOVE = YES;
				CLANG_WARN_UNGUARDED_AVAILABILITY = YES_AGGRESSIVE;
				CLANG_WARN_UNREACHABLE_CODE = YES;
				CLANG_WARN__DUPLICATE_METHOD_MATCH = YES;
				COPY_PHASE_STRIP = NO;
				DEBUG_INFORMATION_FORMAT = dwarf;
				ENABLE_STRICT_OBJC_MSGSEND = YES;
				ENABLE_TESTABILITY = YES;
				GCC_C_LANGUAGE_STANDARD = gnu11;
				GCC_DYNAMIC_NO_PIC = NO;
				GCC_NO_COMMON_BLOCKS = YES;
				GCC_OPTIMIZATION_LEVEL = 0;
				GCC_PREPROCESSOR_DEFINITIONS = (
					"DEBUG=1",
					"$(inherited)",
				);
				GCC_WARN_64_TO_32_BIT_CONVERSION = YES;
				GCC_WARN_ABOUT_RETURN_TYPE = YES_ERROR;
				GCC_WARN_UNDECLARED_SELECTOR = YES;
				GCC_WARN_UNINITIALIZED_AUTOS = YES_AGGRESSIVE;
				GCC_WARN_UNUSED_FUNCTION = YES;
				GCC_WARN_UNUSED_VARIABLE = YES;
				IPHONEOS_DEPLOYMENT_TARGET = 13.5;
				MTL_ENABLE_DEBUG_INFO = INCLUDE_SOURCE;
				MTL_FAST_MATH = YES;
				ONLY_ACTIVE_ARCH = YES;
				SDKROOT = iphoneos;
				SWIFT_ACTIVE_COMPILATION_CONDITIONS = DEBUG;
				SWIFT_OPTIMIZATION_LEVEL = "-Onone";
			};
			name = Debug;
		};
		D385813C24DB7E3C002F9FC7 /* Release */ = {
			isa = XCBuildConfiguration;
			buildSettings = {
				ALWAYS_SEARCH_USER_PATHS = NO;
				CLANG_ANALYZER_LOCALIZABILITY_NONLOCALIZED = YES;
				CLANG_ANALYZER_NONNULL = YES;
				CLANG_ANALYZER_NUMBER_OBJECT_CONVERSION = YES_AGGRESSIVE;
				CLANG_CXX_LANGUAGE_STANDARD = "gnu++14";
				CLANG_CXX_LIBRARY = "libc++";
				CLANG_ENABLE_MODULES = YES;
				CLANG_ENABLE_OBJC_ARC = YES;
				CLANG_ENABLE_OBJC_WEAK = YES;
				CLANG_WARN_BLOCK_CAPTURE_AUTORELEASING = YES;
				CLANG_WARN_BOOL_CONVERSION = YES;
				CLANG_WARN_COMMA = YES;
				CLANG_WARN_CONSTANT_CONVERSION = YES;
				CLANG_WARN_DEPRECATED_OBJC_IMPLEMENTATIONS = YES;
				CLANG_WARN_DIRECT_OBJC_ISA_USAGE = YES_ERROR;
				CLANG_WARN_DOCUMENTATION_COMMENTS = YES;
				CLANG_WARN_EMPTY_BODY = YES;
				CLANG_WARN_ENUM_CONVERSION = YES;
				CLANG_WARN_INFINITE_RECURSION = YES;
				CLANG_WARN_INT_CONVERSION = YES;
				CLANG_WARN_NON_LITERAL_NULL_CONVERSION = YES;
				CLANG_WARN_OBJC_IMPLICIT_RETAIN_SELF = YES;
				CLANG_WARN_OBJC_LITERAL_CONVERSION = YES;
				CLANG_WARN_OBJC_ROOT_CLASS = YES_ERROR;
				CLANG_WARN_RANGE_LOOP_ANALYSIS = YES;
				CLANG_WARN_STRICT_PROTOTYPES = YES;
				CLANG_WARN_SUSPICIOUS_MOVE = YES;
				CLANG_WARN_UNGUARDED_AVAILABILITY = YES_AGGRESSIVE;
				CLANG_WARN_UNREACHABLE_CODE = YES;
				CLANG_WARN__DUPLICATE_METHOD_MATCH = YES;
				COPY_PHASE_STRIP = NO;
				DEBUG_INFORMATION_FORMAT = "dwarf-with-dsym";
				ENABLE_NS_ASSERTIONS = NO;
				ENABLE_STRICT_OBJC_MSGSEND = YES;
				GCC_C_LANGUAGE_STANDARD = gnu11;
				GCC_NO_COMMON_BLOCKS = YES;
				GCC_WARN_64_TO_32_BIT_CONVERSION = YES;
				GCC_WARN_ABOUT_RETURN_TYPE = YES_ERROR;
				GCC_WARN_UNDECLARED_SELECTOR = YES;
				GCC_WARN_UNINITIALIZED_AUTOS = YES_AGGRESSIVE;
				GCC_WARN_UNUSED_FUNCTION = YES;
				GCC_WARN_UNUSED_VARIABLE = YES;
				IPHONEOS_DEPLOYMENT_TARGET = 13.5;
				MTL_ENABLE_DEBUG_INFO = NO;
				MTL_FAST_MATH = YES;
				SDKROOT = iphoneos;
				SWIFT_COMPILATION_MODE = wholemodule;
				SWIFT_OPTIMIZATION_LEVEL = "-O";
				VALIDATE_PRODUCT = YES;
			};
			name = Release;
		};
		D385813E24DB7E3C002F9FC7 /* Debug */ = {
			isa = XCBuildConfiguration;
			baseConfigurationReference = 7EF57A0BA2C59FD6A15D8992 /* Pods-Teste Hotmart.debug.xcconfig */;
			buildSettings = {
				ASSETCATALOG_COMPILER_APPICON_NAME = AppIcon;
				CODE_SIGN_STYLE = Automatic;
				INFOPLIST_FILE = "Teste Hotmart/Info.plist";
				LD_RUNPATH_SEARCH_PATHS = (
					"$(inherited)",
					"@executable_path/Frameworks",
				);
				PRODUCT_BUNDLE_IDENTIFIER = "rafaeladnunes.Teste-Hotmart";
				PRODUCT_NAME = "$(TARGET_NAME)";
				SWIFT_VERSION = 5.0;
				TARGETED_DEVICE_FAMILY = "1,2";
			};
			name = Debug;
		};
		D385813F24DB7E3C002F9FC7 /* Release */ = {
			isa = XCBuildConfiguration;
			baseConfigurationReference = 1B03A9CBD9E1566883B924C1 /* Pods-Teste Hotmart.release.xcconfig */;
			buildSettings = {
				ASSETCATALOG_COMPILER_APPICON_NAME = AppIcon;
				CODE_SIGN_STYLE = Automatic;
				INFOPLIST_FILE = "Teste Hotmart/Info.plist";
				LD_RUNPATH_SEARCH_PATHS = (
					"$(inherited)",
					"@executable_path/Frameworks",
				);
				PRODUCT_BUNDLE_IDENTIFIER = "rafaeladnunes.Teste-Hotmart";
				PRODUCT_NAME = "$(TARGET_NAME)";
				SWIFT_VERSION = 5.0;
				TARGETED_DEVICE_FAMILY = "1,2";
			};
			name = Release;
		};
		D385814124DB7E3C002F9FC7 /* Debug */ = {
			isa = XCBuildConfiguration;
			baseConfigurationReference = AF88D2BED407C946195B1A99 /* Pods-Teste HotmartTests.debug.xcconfig */;
			buildSettings = {
				ALWAYS_EMBED_SWIFT_STANDARD_LIBRARIES = YES;
				BUNDLE_LOADER = "$(TEST_HOST)";
				CODE_SIGN_STYLE = Automatic;
				INFOPLIST_FILE = "Teste HotmartTests/Info.plist";
				IPHONEOS_DEPLOYMENT_TARGET = 13.5;
				LD_RUNPATH_SEARCH_PATHS = (
					"$(inherited)",
					"@executable_path/Frameworks",
					"@loader_path/Frameworks",
				);
				PRODUCT_BUNDLE_IDENTIFIER = "rafaeladnunes.Teste-HotmartTests";
				PRODUCT_NAME = "$(TARGET_NAME)";
				SWIFT_VERSION = 5.0;
				TARGETED_DEVICE_FAMILY = "1,2";
				TEST_HOST = "$(BUILT_PRODUCTS_DIR)/Teste Hotmart.app/Teste Hotmart";
			};
			name = Debug;
		};
		D385814224DB7E3C002F9FC7 /* Release */ = {
			isa = XCBuildConfiguration;
			baseConfigurationReference = 931E89892CD865F73A06E1AC /* Pods-Teste HotmartTests.release.xcconfig */;
			buildSettings = {
				ALWAYS_EMBED_SWIFT_STANDARD_LIBRARIES = YES;
				BUNDLE_LOADER = "$(TEST_HOST)";
				CODE_SIGN_STYLE = Automatic;
				INFOPLIST_FILE = "Teste HotmartTests/Info.plist";
				IPHONEOS_DEPLOYMENT_TARGET = 13.5;
				LD_RUNPATH_SEARCH_PATHS = (
					"$(inherited)",
					"@executable_path/Frameworks",
					"@loader_path/Frameworks",
				);
				PRODUCT_BUNDLE_IDENTIFIER = "rafaeladnunes.Teste-HotmartTests";
				PRODUCT_NAME = "$(TARGET_NAME)";
				SWIFT_VERSION = 5.0;
				TARGETED_DEVICE_FAMILY = "1,2";
				TEST_HOST = "$(BUILT_PRODUCTS_DIR)/Teste Hotmart.app/Teste Hotmart";
			};
			name = Release;
		};
		D385814424DB7E3C002F9FC7 /* Debug */ = {
			isa = XCBuildConfiguration;
			baseConfigurationReference = D8628B2D9CD2DF8C93131C2F /* Pods-Teste Hotmart-Teste HotmartUITests.debug.xcconfig */;
			buildSettings = {
				ALWAYS_EMBED_SWIFT_STANDARD_LIBRARIES = YES;
				CODE_SIGN_STYLE = Automatic;
				INFOPLIST_FILE = "Teste HotmartUITests/Info.plist";
				LD_RUNPATH_SEARCH_PATHS = (
					"$(inherited)",
					"@executable_path/Frameworks",
					"@loader_path/Frameworks",
				);
				PRODUCT_BUNDLE_IDENTIFIER = "rafaeladnunes.Teste-HotmartUITests";
				PRODUCT_NAME = "$(TARGET_NAME)";
				SWIFT_VERSION = 5.0;
				TARGETED_DEVICE_FAMILY = "1,2";
				TEST_TARGET_NAME = "Teste Hotmart";
			};
			name = Debug;
		};
		D385814524DB7E3C002F9FC7 /* Release */ = {
			isa = XCBuildConfiguration;
			baseConfigurationReference = D323AF55CC5B92B645C5E552 /* Pods-Teste Hotmart-Teste HotmartUITests.release.xcconfig */;
			buildSettings = {
				ALWAYS_EMBED_SWIFT_STANDARD_LIBRARIES = YES;
				CODE_SIGN_STYLE = Automatic;
				INFOPLIST_FILE = "Teste HotmartUITests/Info.plist";
				LD_RUNPATH_SEARCH_PATHS = (
					"$(inherited)",
					"@executable_path/Frameworks",
					"@loader_path/Frameworks",
				);
				PRODUCT_BUNDLE_IDENTIFIER = "rafaeladnunes.Teste-HotmartUITests";
				PRODUCT_NAME = "$(TARGET_NAME)";
				SWIFT_VERSION = 5.0;
				TARGETED_DEVICE_FAMILY = "1,2";
				TEST_TARGET_NAME = "Teste Hotmart";
			};
			name = Release;
		};
/* End XCBuildConfiguration section */

/* Begin XCConfigurationList section */
		D385810E24DB7E3A002F9FC7 /* Build configuration list for PBXProject "Teste Hotmart" */ = {
			isa = XCConfigurationList;
			buildConfigurations = (
				D385813B24DB7E3C002F9FC7 /* Debug */,
				D385813C24DB7E3C002F9FC7 /* Release */,
			);
			defaultConfigurationIsVisible = 0;
			defaultConfigurationName = Release;
		};
		D385813D24DB7E3C002F9FC7 /* Build configuration list for PBXNativeTarget "Teste Hotmart" */ = {
			isa = XCConfigurationList;
			buildConfigurations = (
				D385813E24DB7E3C002F9FC7 /* Debug */,
				D385813F24DB7E3C002F9FC7 /* Release */,
			);
			defaultConfigurationIsVisible = 0;
			defaultConfigurationName = Release;
		};
		D385814024DB7E3C002F9FC7 /* Build configuration list for PBXNativeTarget "Teste HotmartTests" */ = {
			isa = XCConfigurationList;
			buildConfigurations = (
				D385814124DB7E3C002F9FC7 /* Debug */,
				D385814224DB7E3C002F9FC7 /* Release */,
			);
			defaultConfigurationIsVisible = 0;
			defaultConfigurationName = Release;
		};
		D385814324DB7E3C002F9FC7 /* Build configuration list for PBXNativeTarget "Teste HotmartUITests" */ = {
			isa = XCConfigurationList;
			buildConfigurations = (
				D385814424DB7E3C002F9FC7 /* Debug */,
				D385814524DB7E3C002F9FC7 /* Release */,
			);
			defaultConfigurationIsVisible = 0;
			defaultConfigurationName = Release;
		};
/* End XCConfigurationList section */
	};
	rootObject = D385810B24DB7E3A002F9FC7 /* Project object */;
}
